// !$*UTF8*$!
{
	archiveVersion = 1;
	classes = {
	};
	objectVersion = 48;
	objects = {

/* Begin PBXBuildFile section */
		E757C83EC48137E72DED06BD /* Pods_Firechat.framework in Frameworks */ = {isa = PBXBuildFile; fileRef = C258B7FD2CB6BF6630A79D2A /* Pods_Firechat.framework */; };
		F530B97A2063E33A00505A5F /* GoogleService-Info.plist in Resources */ = {isa = PBXBuildFile; fileRef = F530B9792063E33A00505A5F /* GoogleService-Info.plist */; };
		F530B9812063E4A900505A5F /* DataService.swift in Sources */ = {isa = PBXBuildFile; fileRef = F530B9802063E4A900505A5F /* DataService.swift */; };
		F530B9832063E4B000505A5F /* AuthService.swift in Sources */ = {isa = PBXBuildFile; fileRef = F530B9822063E4B000505A5F /* AuthService.swift */; };
		F530B9852063E4D600505A5F /* UIViewExt.swift in Sources */ = {isa = PBXBuildFile; fileRef = F530B9842063E4D600505A5F /* UIViewExt.swift */; };
		F530B9872063E4DC00505A5F /* UIViewControllerExt.swift in Sources */ = {isa = PBXBuildFile; fileRef = F530B9862063E4DC00505A5F /* UIViewControllerExt.swift */; };
		F530B9892063E4F400505A5F /* Message.swift in Sources */ = {isa = PBXBuildFile; fileRef = F530B9882063E4F400505A5F /* Message.swift */; };
		F530B98B2063E4FA00505A5F /* Group.swift in Sources */ = {isa = PBXBuildFile; fileRef = F530B98A2063E4FA00505A5F /* Group.swift */; };
		F530B9922063E50500505A5F /* GroupCell.swift in Sources */ = {isa = PBXBuildFile; fileRef = F530B98C2063E50400505A5F /* GroupCell.swift */; };
		F530B9932063E50500505A5F /* FeedCell.swift in Sources */ = {isa = PBXBuildFile; fileRef = F530B98D2063E50500505A5F /* FeedCell.swift */; };
		F530B9942063E50500505A5F /* ShadowView.swift in Sources */ = {isa = PBXBuildFile; fileRef = F530B98E2063E50500505A5F /* ShadowView.swift */; };
		F530B9952063E50500505A5F /* UserCell.swift in Sources */ = {isa = PBXBuildFile; fileRef = F530B98F2063E50500505A5F /* UserCell.swift */; };
		F530B9962063E50500505A5F /* GroupFeedCell.swift in Sources */ = {isa = PBXBuildFile; fileRef = F530B9902063E50500505A5F /* GroupFeedCell.swift */; };
		F530B9972063E50500505A5F /* InsetTextField.swift in Sources */ = {isa = PBXBuildFile; fileRef = F530B9912063E50500505A5F /* InsetTextField.swift */; };
		F530B99E2063E55200505A5F /* CreateGroupsVC.swift in Sources */ = {isa = PBXBuildFile; fileRef = F530B9982063E55100505A5F /* CreateGroupsVC.swift */; };
		F530B99F2063E55200505A5F /* GroupFeedVC.swift in Sources */ = {isa = PBXBuildFile; fileRef = F530B9992063E55100505A5F /* GroupFeedVC.swift */; };
		F530B9A02063E55200505A5F /* MeVC.swift in Sources */ = {isa = PBXBuildFile; fileRef = F530B99A2063E55100505A5F /* MeVC.swift */; };
		F530B9A12063E55200505A5F /* LoginVC.swift in Sources */ = {isa = PBXBuildFile; fileRef = F530B99B2063E55100505A5F /* LoginVC.swift */; };
		F530B9A22063E55200505A5F /* CreatePostVC.swift in Sources */ = {isa = PBXBuildFile; fileRef = F530B99C2063E55200505A5F /* CreatePostVC.swift */; };
		F530B9A32063E55200505A5F /* AuthVC.swift in Sources */ = {isa = PBXBuildFile; fileRef = F530B99D2063E55200505A5F /* AuthVC.swift */; };
		F5EB2325205E8EA900057F01 /* AppDelegate.swift in Sources */ = {isa = PBXBuildFile; fileRef = F5EB2324205E8EA900057F01 /* AppDelegate.swift */; };
		F5EB2327205E8EA900057F01 /* FeedVC.swift in Sources */ = {isa = PBXBuildFile; fileRef = F5EB2326205E8EA900057F01 /* FeedVC.swift */; };
		F5EB2329205E8EA900057F01 /* GroupsVC.swift in Sources */ = {isa = PBXBuildFile; fileRef = F5EB2328205E8EA900057F01 /* GroupsVC.swift */; };
		F5EB232C205E8EA900057F01 /* Main.storyboard in Resources */ = {isa = PBXBuildFile; fileRef = F5EB232A205E8EA900057F01 /* Main.storyboard */; };
		F5EB232E205E8EA900057F01 /* Assets.xcassets in Resources */ = {isa = PBXBuildFile; fileRef = F5EB232D205E8EA900057F01 /* Assets.xcassets */; };
		F5EB2331205E8EA900057F01 /* LaunchScreen.storyboard in Resources */ = {isa = PBXBuildFile; fileRef = F5EB232F205E8EA900057F01 /* LaunchScreen.storyboard */; };
/* End PBXBuildFile section */

/* Begin PBXFileReference section */
		928C6BFCBAB59FD6C6320AE2 /* Pods-Firechat.debug.xcconfig */ = {isa = PBXFileReference; includeInIndex = 1; lastKnownFileType = text.xcconfig; name = "Pods-Firechat.debug.xcconfig"; path = "Pods/Target Support Files/Pods-Firechat/Pods-Firechat.debug.xcconfig"; sourceTree = "<group>"; };
		9DDA362A9E9C70FE1CE0B94C /* Pods-Firechat.release.xcconfig */ = {isa = PBXFileReference; includeInIndex = 1; lastKnownFileType = text.xcconfig; name = "Pods-Firechat.release.xcconfig"; path = "Pods/Target Support Files/Pods-Firechat/Pods-Firechat.release.xcconfig"; sourceTree = "<group>"; };
		C258B7FD2CB6BF6630A79D2A /* Pods_Firechat.framework */ = {isa = PBXFileReference; explicitFileType = wrapper.framework; includeInIndex = 0; path = Pods_Firechat.framework; sourceTree = BUILT_PRODUCTS_DIR; };
		F530B9792063E33A00505A5F /* GoogleService-Info.plist */ = {isa = PBXFileReference; fileEncoding = 4; lastKnownFileType = text.plist.xml; path = "GoogleService-Info.plist"; sourceTree = "<group>"; };
		F530B9802063E4A900505A5F /* DataService.swift */ = {isa = PBXFileReference; fileEncoding = 4; lastKnownFileType = sourcecode.swift; path = DataService.swift; sourceTree = "<group>"; };
		F530B9822063E4B000505A5F /* AuthService.swift */ = {isa = PBXFileReference; fileEncoding = 4; lastKnownFileType = sourcecode.swift; path = AuthService.swift; sourceTree = "<group>"; };
		F530B9842063E4D600505A5F /* UIViewExt.swift */ = {isa = PBXFileReference; fileEncoding = 4; lastKnownFileType = sourcecode.swift; path = UIViewExt.swift; sourceTree = "<group>"; };
		F530B9862063E4DC00505A5F /* UIViewControllerExt.swift */ = {isa = PBXFileReference; fileEncoding = 4; lastKnownFileType = sourcecode.swift; path = UIViewControllerExt.swift; sourceTree = "<group>"; };
		F530B9882063E4F400505A5F /* Message.swift */ = {isa = PBXFileReference; fileEncoding = 4; lastKnownFileType = sourcecode.swift; path = Message.swift; sourceTree = "<group>"; };
		F530B98A2063E4FA00505A5F /* Group.swift */ = {isa = PBXFileReference; fileEncoding = 4; lastKnownFileType = sourcecode.swift; path = Group.swift; sourceTree = "<group>"; };
		F530B98C2063E50400505A5F /* GroupCell.swift */ = {isa = PBXFileReference; fileEncoding = 4; lastKnownFileType = sourcecode.swift; path = GroupCell.swift; sourceTree = "<group>"; };
		F530B98D2063E50500505A5F /* FeedCell.swift */ = {isa = PBXFileReference; fileEncoding = 4; lastKnownFileType = sourcecode.swift; path = FeedCell.swift; sourceTree = "<group>"; };
		F530B98E2063E50500505A5F /* ShadowView.swift */ = {isa = PBXFileReference; fileEncoding = 4; lastKnownFileType = sourcecode.swift; path = ShadowView.swift; sourceTree = "<group>"; };
		F530B98F2063E50500505A5F /* UserCell.swift */ = {isa = PBXFileReference; fileEncoding = 4; lastKnownFileType = sourcecode.swift; path = UserCell.swift; sourceTree = "<group>"; };
		F530B9902063E50500505A5F /* GroupFeedCell.swift */ = {isa = PBXFileReference; fileEncoding = 4; lastKnownFileType = sourcecode.swift; path = GroupFeedCell.swift; sourceTree = "<group>"; };
		F530B9912063E50500505A5F /* InsetTextField.swift */ = {isa = PBXFileReference; fileEncoding = 4; lastKnownFileType = sourcecode.swift; path = InsetTextField.swift; sourceTree = "<group>"; };
		F530B9982063E55100505A5F /* CreateGroupsVC.swift */ = {isa = PBXFileReference; fileEncoding = 4; lastKnownFileType = sourcecode.swift; path = CreateGroupsVC.swift; sourceTree = "<group>"; };
		F530B9992063E55100505A5F /* GroupFeedVC.swift */ = {isa = PBXFileReference; fileEncoding = 4; lastKnownFileType = sourcecode.swift; path = GroupFeedVC.swift; sourceTree = "<group>"; };
		F530B99A2063E55100505A5F /* MeVC.swift */ = {isa = PBXFileReference; fileEncoding = 4; lastKnownFileType = sourcecode.swift; path = MeVC.swift; sourceTree = "<group>"; };
		F530B99B2063E55100505A5F /* LoginVC.swift */ = {isa = PBXFileReference; fileEncoding = 4; lastKnownFileType = sourcecode.swift; path = LoginVC.swift; sourceTree = "<group>"; };
		F530B99C2063E55200505A5F /* CreatePostVC.swift */ = {isa = PBXFileReference; fileEncoding = 4; lastKnownFileType = sourcecode.swift; path = CreatePostVC.swift; sourceTree = "<group>"; };
		F530B99D2063E55200505A5F /* AuthVC.swift */ = {isa = PBXFileReference; fileEncoding = 4; lastKnownFileType = sourcecode.swift; path = AuthVC.swift; sourceTree = "<group>"; };
		F5EB2321205E8EA900057F01 /* Firechat.app */ = {isa = PBXFileReference; explicitFileType = wrapper.application; includeInIndex = 0; path = Firechat.app; sourceTree = BUILT_PRODUCTS_DIR; };
		F5EB2324205E8EA900057F01 /* AppDelegate.swift */ = {isa = PBXFileReference; lastKnownFileType = sourcecode.swift; path = AppDelegate.swift; sourceTree = "<group>"; };
		F5EB2326205E8EA900057F01 /* FeedVC.swift */ = {isa = PBXFileReference; lastKnownFileType = sourcecode.swift; path = FeedVC.swift; sourceTree = "<group>"; };
		F5EB2328205E8EA900057F01 /* GroupsVC.swift */ = {isa = PBXFileReference; lastKnownFileType = sourcecode.swift; path = GroupsVC.swift; sourceTree = "<group>"; };
		F5EB232B205E8EA900057F01 /* Base */ = {isa = PBXFileReference; lastKnownFileType = file.storyboard; name = Base; path = Base.lproj/Main.storyboard; sourceTree = "<group>"; };
		F5EB232D205E8EA900057F01 /* Assets.xcassets */ = {isa = PBXFileReference; lastKnownFileType = folder.assetcatalog; path = Assets.xcassets; sourceTree = "<group>"; };
		F5EB2330205E8EA900057F01 /* Base */ = {isa = PBXFileReference; lastKnownFileType = file.storyboard; name = Base; path = Base.lproj/LaunchScreen.storyboard; sourceTree = "<group>"; };
		F5EB2332205E8EA900057F01 /* Info.plist */ = {isa = PBXFileReference; lastKnownFileType = text.plist.xml; path = Info.plist; sourceTree = "<group>"; };
/* End PBXFileReference section */

/* Begin PBXFrameworksBuildPhase section */
		F5EB231E205E8EA900057F01 /* Frameworks */ = {
			isa = PBXFrameworksBuildPhase;
			buildActionMask = 2147483647;
			files = (
				E757C83EC48137E72DED06BD /* Pods_Firechat.framework in Frameworks */,
			);
			runOnlyForDeploymentPostprocessing = 0;
		};
/* End PBXFrameworksBuildPhase section */

/* Begin PBXGroup section */
		D72B303628AAC7BF49B94872 /* Frameworks */ = {
			isa = PBXGroup;
			children = (
				C258B7FD2CB6BF6630A79D2A /* Pods_Firechat.framework */,
			);
			name = Frameworks;
			sourceTree = "<group>";
		};
		F530B97B2063E45A00505A5F /* controllers */ = {
			isa = PBXGroup;
			children = (
				F5EB2326205E8EA900057F01 /* FeedVC.swift */,
				F5EB2328205E8EA900057F01 /* GroupsVC.swift */,
				F530B99D2063E55200505A5F /* AuthVC.swift */,
				F530B99B2063E55100505A5F /* LoginVC.swift */,
				F530B99A2063E55100505A5F /* MeVC.swift */,
				F530B99C2063E55200505A5F /* CreatePostVC.swift */,
				F530B9982063E55100505A5F /* CreateGroupsVC.swift */,
				F530B9992063E55100505A5F /* GroupFeedVC.swift */,
			);
			path = controllers;
			sourceTree = "<group>";
		};
		F530B97C2063E46B00505A5F /* views */ = {
			isa = PBXGroup;
			children = (
				F530B98D2063E50500505A5F /* FeedCell.swift */,
				F530B98C2063E50400505A5F /* GroupCell.swift */,
				F530B98F2063E50500505A5F /* UserCell.swift */,
				F530B9902063E50500505A5F /* GroupFeedCell.swift */,
				F530B9912063E50500505A5F /* InsetTextField.swift */,
				F530B98E2063E50500505A5F /* ShadowView.swift */,
			);
			path = views;
			sourceTree = "<group>";
		};
		F530B97D2063E47400505A5F /* model */ = {
			isa = PBXGroup;
			children = (
				F530B9882063E4F400505A5F /* Message.swift */,
				F530B98A2063E4FA00505A5F /* Group.swift */,
			);
			path = model;
			sourceTree = "<group>";
		};
		F530B97E2063E47F00505A5F /* extensions */ = {
			isa = PBXGroup;
			children = (
				F530B9842063E4D600505A5F /* UIViewExt.swift */,
				F530B9862063E4DC00505A5F /* UIViewControllerExt.swift */,
			);
			path = extensions;
			sourceTree = "<group>";
		};
		F530B97F2063E48D00505A5F /* Firebase Services */ = {
			isa = PBXGroup;
			children = (
				F530B9802063E4A900505A5F /* DataService.swift */,
				F530B9822063E4B000505A5F /* AuthService.swift */,
			);
			path = "Firebase Services";
			sourceTree = "<group>";
		};
		F5EB2318205E8EA900057F01 = {
			isa = PBXGroup;
			children = (
				F5EB2323205E8EA900057F01 /* Firechat */,
				F5EB2322205E8EA900057F01 /* Products */,
				FC314DC7BBD3C244F5AAE434 /* Pods */,
				D72B303628AAC7BF49B94872 /* Frameworks */,
			);
			sourceTree = "<group>";
		};
		F5EB2322205E8EA900057F01 /* Products */ = {
			isa = PBXGroup;
			children = (
				F5EB2321205E8EA900057F01 /* Firechat.app */,
			);
			name = Products;
			sourceTree = "<group>";
		};
		F5EB2323205E8EA900057F01 /* Firechat */ = {
			isa = PBXGroup;
			children = (
				F530B97F2063E48D00505A5F /* Firebase Services */,
				F530B97E2063E47F00505A5F /* extensions */,
				F530B97D2063E47400505A5F /* model */,
				F530B97C2063E46B00505A5F /* views */,
				F530B97B2063E45A00505A5F /* controllers */,
				F5EB2324205E8EA900057F01 /* AppDelegate.swift */,
				F5EB232A205E8EA900057F01 /* Main.storyboard */,
				F5EB232D205E8EA900057F01 /* Assets.xcassets */,
				F5EB232F205E8EA900057F01 /* LaunchScreen.storyboard */,
				F5EB2332205E8EA900057F01 /* Info.plist */,
				F530B9792063E33A00505A5F /* GoogleService-Info.plist */,
			);
			path = Firechat;
			sourceTree = "<group>";
		};
		FC314DC7BBD3C244F5AAE434 /* Pods */ = {
			isa = PBXGroup;
			children = (
				928C6BFCBAB59FD6C6320AE2 /* Pods-Firechat.debug.xcconfig */,
				9DDA362A9E9C70FE1CE0B94C /* Pods-Firechat.release.xcconfig */,
			);
			name = Pods;
			sourceTree = "<group>";
		};
/* End PBXGroup section */

/* Begin PBXNativeTarget section */
		F5EB2320205E8EA900057F01 /* Firechat */ = {
			isa = PBXNativeTarget;
			buildConfigurationList = F5EB2335205E8EA900057F01 /* Build configuration list for PBXNativeTarget "Firechat" */;
			buildPhases = (
				AB91E55DBD2D9D57EFD6FE49 /* [CP] Check Pods Manifest.lock */,
				F5EB231D205E8EA900057F01 /* Sources */,
				F5EB231E205E8EA900057F01 /* Frameworks */,
				F5EB231F205E8EA900057F01 /* Resources */,
				7F731DE9ABDEF998C7A7E666 /* [CP] Embed Pods Frameworks */,
				94143063573C090D9E62CD09 /* [CP] Copy Pods Resources */,
			);
			buildRules = (
			);
			dependencies = (
			);
			name = Firechat;
			productName = Firechat;
			productReference = F5EB2321205E8EA900057F01 /* Firechat.app */;
			productType = "com.apple.product-type.application";
		};
/* End PBXNativeTarget section */

/* Begin PBXProject section */
		F5EB2319205E8EA900057F01 /* Project object */ = {
			isa = PBXProject;
			attributes = {
				LastSwiftUpdateCheck = 0920;
				LastUpgradeCheck = 0920;
				ORGANIZATIONNAME = "Siddhant Sahare";
				TargetAttributes = {
					F5EB2320205E8EA900057F01 = {
						CreatedOnToolsVersion = 9.2;
						ProvisioningStyle = Automatic;
					};
				};
			};
			buildConfigurationList = F5EB231C205E8EA900057F01 /* Build configuration list for PBXProject "Firechat" */;
			compatibilityVersion = "Xcode 8.0";
			developmentRegion = en;
			hasScannedForEncodings = 0;
			knownRegions = (
				en,
				Base,
			);
			mainGroup = F5EB2318205E8EA900057F01;
			productRefGroup = F5EB2322205E8EA900057F01 /* Products */;
			projectDirPath = "";
			projectRoot = "";
			targets = (
				F5EB2320205E8EA900057F01 /* Firechat */,
			);
		};
/* End PBXProject section */

/* Begin PBXResourcesBuildPhase section */
		F5EB231F205E8EA900057F01 /* Resources */ = {
			isa = PBXResourcesBuildPhase;
			buildActionMask = 2147483647;
			files = (
				F5EB2331205E8EA900057F01 /* LaunchScreen.storyboard in Resources */,
				F530B97A2063E33A00505A5F /* GoogleService-Info.plist in Resources */,
				F5EB232E205E8EA900057F01 /* Assets.xcassets in Resources */,
				F5EB232C205E8EA900057F01 /* Main.storyboard in Resources */,
			);
			runOnlyForDeploymentPostprocessing = 0;
		};
/* End PBXResourcesBuildPhase section */

/* Begin PBXShellScriptBuildPhase section */
		7F731DE9ABDEF998C7A7E666 /* [CP] Embed Pods Frameworks */ = {
			isa = PBXShellScriptBuildPhase;
			buildActionMask = 2147483647;
			files = (
			);
			inputPaths = (
				"${SRCROOT}/Pods/Target Support Files/Pods-Firechat/Pods-Firechat-frameworks.sh",
				"${BUILT_PRODUCTS_DIR}/GTMSessionFetcher/GTMSessionFetcher.framework",
				"${BUILT_PRODUCTS_DIR}/GoogleToolboxForMac/GoogleToolboxForMac.framework",
				"${BUILT_PRODUCTS_DIR}/leveldb-library/leveldb.framework",
				"${BUILT_PRODUCTS_DIR}/nanopb/nanopb.framework",
			);
			name = "[CP] Embed Pods Frameworks";
			outputPaths = (
				"${TARGET_BUILD_DIR}/${FRAMEWORKS_FOLDER_PATH}/GTMSessionFetcher.framework",
				"${TARGET_BUILD_DIR}/${FRAMEWORKS_FOLDER_PATH}/GoogleToolboxForMac.framework",
				"${TARGET_BUILD_DIR}/${FRAMEWORKS_FOLDER_PATH}/leveldb.framework",
				"${TARGET_BUILD_DIR}/${FRAMEWORKS_FOLDER_PATH}/nanopb.framework",
			);
			runOnlyForDeploymentPostprocessing = 0;
			shellPath = /bin/sh;
			shellScript = "\"${SRCROOT}/Pods/Target Support Files/Pods-Firechat/Pods-Firechat-frameworks.sh\"\n";
			showEnvVarsInLog = 0;
		};
		94143063573C090D9E62CD09 /* [CP] Copy Pods Resources */ = {
			isa = PBXShellScriptBuildPhase;
			buildActionMask = 2147483647;
			files = (
			);
			inputPaths = (
			);
			name = "[CP] Copy Pods Resources";
			outputPaths = (
			);
			runOnlyForDeploymentPostprocessing = 0;
			shellPath = /bin/sh;
			shellScript = "\"${SRCROOT}/Pods/Target Support Files/Pods-Firechat/Pods-Firechat-resources.sh\"\n";
			showEnvVarsInLog = 0;
		};
		AB91E55DBD2D9D57EFD6FE49 /* [CP] Check Pods Manifest.lock */ = {
			isa = PBXShellScriptBuildPhase;
			buildActionMask = 2147483647;
			files = (
			);
			inputPaths = (
				"${PODS_PODFILE_DIR_PATH}/Podfile.lock",
				"${PODS_ROOT}/Manifest.lock",
			);
			name = "[CP] Check Pods Manifest.lock";
			outputPaths = (
				"$(DERIVED_FILE_DIR)/Pods-Firechat-checkManifestLockResult.txt",
			);
			runOnlyForDeploymentPostprocessing = 0;
			shellPath = /bin/sh;
			shellScript = "diff \"${PODS_PODFILE_DIR_PATH}/Podfile.lock\" \"${PODS_ROOT}/Manifest.lock\" > /dev/null\nif [ $? != 0 ] ; then\n    # print error to STDERR\n    echo \"error: The sandbox is not in sync with the Podfile.lock. Run 'pod install' or update your CocoaPods installation.\" >&2\n    exit 1\nfi\n# This output is used by Xcode 'outputs' to avoid re-running this script phase.\necho \"SUCCESS\" > \"${SCRIPT_OUTPUT_FILE_0}\"\n";
			showEnvVarsInLog = 0;
		};
/* End PBXShellScriptBuildPhase section */

/* Begin PBXSourcesBuildPhase section */
		F5EB231D205E8EA900057F01 /* Sources */ = {
			isa = PBXSourcesBuildPhase;
			buildActionMask = 2147483647;
			files = (
				F530B9A22063E55200505A5F /* CreatePostVC.swift in Sources */,
				F530B9942063E50500505A5F /* ShadowView.swift in Sources */,
				F530B9952063E50500505A5F /* UserCell.swift in Sources */,
				F530B98B2063E4FA00505A5F /* Group.swift in Sources */,
				F530B9A12063E55200505A5F /* LoginVC.swift in Sources */,
				F530B9852063E4D600505A5F /* UIViewExt.swift in Sources */,
				F530B9A02063E55200505A5F /* MeVC.swift in Sources */,
				F5EB2329205E8EA900057F01 /* GroupsVC.swift in Sources */,
				F5EB2325205E8EA900057F01 /* AppDelegate.swift in Sources */,
				F530B9932063E50500505A5F /* FeedCell.swift in Sources */,
				F530B9962063E50500505A5F /* GroupFeedCell.swift in Sources */,
				F530B9832063E4B000505A5F /* AuthService.swift in Sources */,
				F530B9922063E50500505A5F /* GroupCell.swift in Sources */,
				F5EB2327205E8EA900057F01 /* FeedVC.swift in Sources */,
				F530B99F2063E55200505A5F /* GroupFeedVC.swift in Sources */,
				F530B9972063E50500505A5F /* InsetTextField.swift in Sources */,
				F530B99E2063E55200505A5F /* CreateGroupsVC.swift in Sources */,
				F530B9892063E4F400505A5F /* Message.swift in Sources */,
				F530B9A32063E55200505A5F /* AuthVC.swift in Sources */,
				F530B9872063E4DC00505A5F /* UIViewControllerExt.swift in Sources */,
				F530B9812063E4A900505A5F /* DataService.swift in Sources */,
			);
			runOnlyForDeploymentPostprocessing = 0;
		};
/* End PBXSourcesBuildPhase section */

/* Begin PBXVariantGroup section */
		F5EB232A205E8EA900057F01 /* Main.storyboard */ = {
			isa = PBXVariantGroup;
			children = (
				F5EB232B205E8EA900057F01 /* Base */,
			);
			name = Main.storyboard;
			sourceTree = "<group>";
		};
		F5EB232F205E8EA900057F01 /* LaunchScreen.storyboard */ = {
			isa = PBXVariantGroup;
			children = (
				F5EB2330205E8EA900057F01 /* Base */,
			);
			name = LaunchScreen.storyboard;
			sourceTree = "<group>";
		};
/* End PBXVariantGroup section */

/* Begin XCBuildConfiguration section */
		F5EB2333205E8EA900057F01 /* Debug */ = {
			isa = XCBuildConfiguration;
			buildSettings = {
				ALWAYS_SEARCH_USER_PATHS = NO;
				CLANG_ANALYZER_NONNULL = YES;
				CLANG_ANALYZER_NUMBER_OBJECT_CONVERSION = YES_AGGRESSIVE;
				CLANG_CXX_LANGUAGE_STANDARD = "gnu++14";
				CLANG_CXX_LIBRARY = "libc++";
				CLANG_ENABLE_MODULES = YES;
				CLANG_ENABLE_OBJC_ARC = YES;
				CLANG_WARN_BLOCK_CAPTURE_AUTORELEASING = YES;
				CLANG_WARN_BOOL_CONVERSION = YES;
				CLANG_WARN_COMMA = YES;
				CLANG_WARN_CONSTANT_CONVERSION = YES;
				CLANG_WARN_DIRECT_OBJC_ISA_USAGE = YES_ERROR;
				CLANG_WARN_DOCUMENTATION_COMMENTS = YES;
				CLANG_WARN_EMPTY_BODY = YES;
				CLANG_WARN_ENUM_CONVERSION = YES;
				CLANG_WARN_INFINITE_RECURSION = YES;
				CLANG_WARN_INT_CONVERSION = YES;
				CLANG_WARN_NON_LITERAL_NULL_CONVERSION = YES;
				CLANG_WARN_OBJC_LITERAL_CONVERSION = YES;
				CLANG_WARN_OBJC_ROOT_CLASS = YES_ERROR;
				CLANG_WARN_RANGE_LOOP_ANALYSIS = YES;
				CLANG_WARN_STRICT_PROTOTYPES = YES;
				CLANG_WARN_SUSPICIOUS_MOVE = YES;
				CLANG_WARN_UNGUARDED_AVAILABILITY = YES_AGGRESSIVE;
				CLANG_WARN_UNREACHABLE_CODE = YES;
				CLANG_WARN__DUPLICATE_METHOD_MATCH = YES;
				CODE_SIGN_IDENTITY = "iPhone Developer";
				COPY_PHASE_STRIP = NO;
				DEBUG_INFORMATION_FORMAT = dwarf;
				ENABLE_STRICT_OBJC_MSGSEND = YES;
				ENABLE_TESTABILITY = YES;
				GCC_C_LANGUAGE_STANDARD = gnu11;
				GCC_DYNAMIC_NO_PIC = NO;
				GCC_NO_COMMON_BLOCKS = YES;
				GCC_OPTIMIZATION_LEVEL = 0;
				GCC_PREPROCESSOR_DEFINITIONS = (
					"DEBUG=1",
					"$(inherited)",
				);
				GCC_WARN_64_TO_32_BIT_CONVERSION = YES;
				GCC_WARN_ABOUT_RETURN_TYPE = YES_ERROR;
				GCC_WARN_UNDECLARED_SELECTOR = YES;
				GCC_WARN_UNINITIALIZED_AUTOS = YES_AGGRESSIVE;
				GCC_WARN_UNUSED_FUNCTION = YES;
				GCC_WARN_UNUSED_VARIABLE = YES;
				IPHONEOS_DEPLOYMENT_TARGET = 11.2;
				MTL_ENABLE_DEBUG_INFO = YES;
				ONLY_ACTIVE_ARCH = YES;
				SDKROOT = iphoneos;
				SWIFT_ACTIVE_COMPILATION_CONDITIONS = DEBUG;
				SWIFT_OPTIMIZATION_LEVEL = "-Onone";
			};
			name = Debug;
		};
		F5EB2334205E8EA900057F01 /* Release */ = {
			isa = XCBuildConfiguration;
			buildSettings = {
				ALWAYS_SEARCH_USER_PATHS = NO;
				CLANG_ANALYZER_NONNULL = YES;
				CLANG_ANALYZER_NUMBER_OBJECT_CONVERSION = YES_AGGRESSIVE;
				CLANG_CXX_LANGUAGE_STANDARD = "gnu++14";
				CLANG_CXX_LIBRARY = "libc++";
				CLANG_ENABLE_MODULES = YES;
				CLANG_ENABLE_OBJC_ARC = YES;
				CLANG_WARN_BLOCK_CAPTURE_AUTORELEASING = YES;
				CLANG_WARN_BOOL_CONVERSION = YES;
				CLANG_WARN_COMMA = YES;
				CLANG_WARN_CONSTANT_CONVERSION = YES;
				CLANG_WARN_DIRECT_OBJC_ISA_USAGE = YES_ERROR;
				CLANG_WARN_DOCUMENTATION_COMMENTS = YES;
				CLANG_WARN_EMPTY_BODY = YES;
				CLANG_WARN_ENUM_CONVERSION = YES;
				CLANG_WARN_INFINITE_RECURSION = YES;
				CLANG_WARN_INT_CONVERSION = YES;
				CLANG_WARN_NON_LITERAL_NULL_CONVERSION = YES;
				CLANG_WARN_OBJC_LITERAL_CONVERSION = YES;
				CLANG_WARN_OBJC_ROOT_CLASS = YES_ERROR;
				CLANG_WARN_RANGE_LOOP_ANALYSIS = YES;
				CLANG_WARN_STRICT_PROTOTYPES = YES;
				CLANG_WARN_SUSPICIOUS_MOVE = YES;
				CLANG_WARN_UNGUARDED_AVAILABILITY = YES_AGGRESSIVE;
				CLANG_WARN_UNREACHABLE_CODE = YES;
				CLANG_WARN__DUPLICATE_METHOD_MATCH = YES;
				CODE_SIGN_IDENTITY = "iPhone Developer";
				COPY_PHASE_STRIP = NO;
				DEBUG_INFORMATION_FORMAT = "dwarf-with-dsym";
				ENABLE_NS_ASSERTIONS = NO;
				ENABLE_STRICT_OBJC_MSGSEND = YES;
				GCC_C_LANGUAGE_STANDARD = gnu11;
				GCC_NO_COMMON_BLOCKS = YES;
				GCC_WARN_64_TO_32_BIT_CONVERSION = YES;
				GCC_WARN_ABOUT_RETURN_TYPE = YES_ERROR;
				GCC_WARN_UNDECLARED_SELECTOR = YES;
				GCC_WARN_UNINITIALIZED_AUTOS = YES_AGGRESSIVE;
				GCC_WARN_UNUSED_FUNCTION = YES;
				GCC_WARN_UNUSED_VARIABLE = YES;
				IPHONEOS_DEPLOYMENT_TARGET = 11.2;
				MTL_ENABLE_DEBUG_INFO = NO;
				SDKROOT = iphoneos;
				SWIFT_OPTIMIZATION_LEVEL = "-Owholemodule";
				VALIDATE_PRODUCT = YES;
			};
			name = Release;
		};
		F5EB2336205E8EA900057F01 /* Debug */ = {
			isa = XCBuildConfiguration;
			baseConfigurationReference = 928C6BFCBAB59FD6C6320AE2 /* Pods-Firechat.debug.xcconfig */;
			buildSettings = {
				ASSETCATALOG_COMPILER_APPICON_NAME = AppIcon;
				CODE_SIGN_STYLE = Automatic;
				INFOPLIST_FILE = Firechat/Info.plist;
				LD_RUNPATH_SEARCH_PATHS = "$(inherited) @executable_path/Frameworks";
				PRODUCT_BUNDLE_IDENTIFIER = "com.Siddhant-Sahare.Firechat";
				PRODUCT_NAME = "$(TARGET_NAME)";
				SWIFT_VERSION = 4.0;
				TARGETED_DEVICE_FAMILY = "1,2";
			};
			name = Debug;
		};
		F5EB2337205E8EA900057F01 /* Release */ = {
			isa = XCBuildConfiguration;
			baseConfigurationReference = 9DDA362A9E9C70FE1CE0B94C /* Pods-Firechat.release.xcconfig */;
			buildSettings = {
				ASSETCATALOG_COMPILER_APPICON_NAME = AppIcon;
				CODE_SIGN_STYLE = Automatic;
				INFOPLIST_FILE = Firechat/Info.plist;
				LD_RUNPATH_SEARCH_PATHS = "$(inherited) @executable_path/Frameworks";
				PRODUCT_BUNDLE_IDENTIFIER = "com.Siddhant-Sahare.Firechat";
				PRODUCT_NAME = "$(TARGET_NAME)";
				SWIFT_VERSION = 4.0;
				TARGETED_DEVICE_FAMILY = "1,2";
			};
			name = Release;
		};
/* End XCBuildConfiguration section */

/* Begin XCConfigurationList section */
		F5EB231C205E8EA900057F01 /* Build configuration list for PBXProject "Firechat" */ = {
			isa = XCConfigurationList;
			buildConfigurations = (
				F5EB2333205E8EA900057F01 /* Debug */,
				F5EB2334205E8EA900057F01 /* Release */,
			);
			defaultConfigurationIsVisible = 0;
			defaultConfigurationName = Release;
		};
		F5EB2335205E8EA900057F01 /* Build configuration list for PBXNativeTarget "Firechat" */ = {
			isa = XCConfigurationList;
			buildConfigurations = (
				F5EB2336205E8EA900057F01 /* Debug */,
				F5EB2337205E8EA900057F01 /* Release */,
			);
			defaultConfigurationIsVisible = 0;
			defaultConfigurationName = Release;
		};
/* End XCConfigurationList section */
	};
	rootObject = F5EB2319205E8EA900057F01 /* Project object */;
}
